%{
  "erlsom": {:hex, :erlsom, "1.5.0", "c5a5cdd0ee0e8dca62bcc4b13ff08da24fdefc16ccd8b25282a2fda2ba1be24a", [:rebar3], [], "hexpm", "55a9dbf9cfa77fcfc108bd8e2c4f9f784dea228a8f4b06ea10b684944946955a"},
  "parser_builder": {:hex, :parser_builder, "1.1.0", "0faf76a5a0ae01699a9aec90072b7c394323d753d87f6d707587fac617f009c8", [:mix], [{:erlsom, "~> 1.5", [hex: :erlsom, repo: "hexpm", optional: false]}], "hexpm", "d60540a2511135b9447ae47f69c5d6272b452f13b443e590c00684355e779ba0"},
}
